
PODS:
- CocoaSoundCloudAPI (1.0.2):
  - NXOAuth2Client (= 1.2.2)
- CocoaSoundCloudUI (1.0.7):
  - CocoaSoundCloudAPI
  - JSONKit
  - OHAttributedLabel
- JSONKit (1.5pre)
- NXOAuth2Client (1.2.2)
- OHAttributedLabel (3.4.1)

DEPENDENCIES:
- CocoaSoundCloudAPI (~> 1.0.1)
- CocoaSoundCloudUI (~> 1.0.5)

SPEC CHECKSUMS:
  CocoaSoundCloudAPI: 380156c28314f2fdfae9821a7515f1e4c5b8a617
  CocoaSoundCloudUI: 2504fedf7265d03e28eddad84031c27749ac93d7
  JSONKit: 3d4708953ea7ae399a49777372d8b060a43ddd27
  NXOAuth2Client: 2abb027fb64a9d9a467202e281bb0f2206924661
  OHAttributedLabel: 770332ef810ca15c9bd4a79f300ce620bc443e9d

COCOAPODS: 0.16.4
